// !$*UTF8*$!
{
	archiveVersion = 1;
	classes = {
	};
	objectVersion = 50;
	objects = {

/* Begin PBXBuildFile section */
		314EE2032448CE4900D9397C /* AppDelegate.swift in Sources */ = {isa = PBXBuildFile; fileRef = 314EE2022448CE4900D9397C /* AppDelegate.swift */; };
		314EE2052448CE4900D9397C /* SceneDelegate.swift in Sources */ = {isa = PBXBuildFile; fileRef = 314EE2042448CE4900D9397C /* SceneDelegate.swift */; };
		314EE2072448CE4900D9397C /* ViewController.swift in Sources */ = {isa = PBXBuildFile; fileRef = 314EE2062448CE4900D9397C /* ViewController.swift */; };
		314EE20A2448CE4900D9397C /* Main.storyboard in Resources */ = {isa = PBXBuildFile; fileRef = 314EE2082448CE4900D9397C /* Main.storyboard */; };
		314EE20C2448CE4A00D9397C /* Assets.xcassets in Resources */ = {isa = PBXBuildFile; fileRef = 314EE20B2448CE4A00D9397C /* Assets.xcassets */; };
		314EE20F2448CE4A00D9397C /* LaunchScreen.storyboard in Resources */ = {isa = PBXBuildFile; fileRef = 314EE20D2448CE4A00D9397C /* LaunchScreen.storyboard */; };
		314EE2182448D01400D9397C /* james.jpg in Resources */ = {isa = PBXBuildFile; fileRef = 314EE2162448D01400D9397C /* james.jpg */; };
		314EE2192448D01400D9397C /* ulrich.jpg in Resources */ = {isa = PBXBuildFile; fileRef = 314EE2172448D01400D9397C /* ulrich.jpg */; };
/* End PBXBuildFile section */

/* Begin PBXFileReference section */
		314EE1FF2448CE4900D9397C /* GestureRecognizerApp.app */ = {isa = PBXFileReference; explicitFileType = wrapper.application; includeInIndex = 0; path = GestureRecognizerApp.app; sourceTree = BUILT_PRODUCTS_DIR; };
		314EE2022448CE4900D9397C /* AppDelegate.swift */ = {isa = PBXFileReference; lastKnownFileType = sourcecode.swift; path = AppDelegate.swift; sourceTree = "<group>"; };
		314EE2042448CE4900D9397C /* SceneDelegate.swift */ = {isa = PBXFileReference; lastKnownFileType = sourcecode.swift; path = SceneDelegate.swift; sourceTree = "<group>"; };
		314EE2062448CE4900D9397C /* ViewController.swift */ = {isa = PBXFileReference; lastKnownFileType = sourcecode.swift; path = ViewController.swift; sourceTree = "<group>"; };
		314EE2092448CE4900D9397C /* Base */ = {isa = PBXFileReference; lastKnownFileType = file.storyboard; name = Base; path = Base.lproj/Main.storyboard; sourceTree = "<group>"; };
		314EE20B2448CE4A00D9397C /* Assets.xcassets */ = {isa = PBXFileReference; lastKnownFileType = folder.assetcatalog; path = Assets.xcassets; sourceTree = "<group>"; };
		314EE20E2448CE4A00D9397C /* Base */ = {isa = PBXFileReference; lastKnownFileType = file.storyboard; name = Base; path = Base.lproj/LaunchScreen.storyboard; sourceTree = "<group>"; };
		314EE2102448CE4A00D9397C /* Info.plist */ = {isa = PBXFileReference; lastKnownFileType = text.plist.xml; path = Info.plist; sourceTree = "<group>"; };
		314EE2162448D01400D9397C /* james.jpg */ = {isa = PBXFileReference; lastKnownFileType = image.jpeg; path = james.jpg; sourceTree = "<group>"; };
		314EE2172448D01400D9397C /* ulrich.jpg */ = {isa = PBXFileReference; lastKnownFileType = image.jpeg; path = ulrich.jpg; sourceTree = "<group>"; };
/* End PBXFileReference section */

/* Begin PBXFrameworksBuildPhase section */
		314EE1FC2448CE4900D9397C /* Frameworks */ = {
			isa = PBXFrameworksBuildPhase;
			buildActionMask = 2147483647;
			files = (
			);
			runOnlyForDeploymentPostprocessing = 0;
		};
/* End PBXFrameworksBuildPhase section */

/* Begin PBXGroup section */
		314EE1F62448CE4900D9397C = {
			isa = PBXGroup;
			children = (
				314EE2012448CE4900D9397C /* GestureRecognizerApp */,
				314EE2002448CE4900D9397C /* Products */,
			);
			sourceTree = "<group>";
		};
		314EE2002448CE4900D9397C /* Products */ = {
			isa = PBXGroup;
			children = (
				314EE1FF2448CE4900D9397C /* GestureRecognizerApp.app */,
			);
			name = Products;
			sourceTree = "<group>";
		};
		314EE2012448CE4900D9397C /* GestureRecognizerApp */ = {
			isa = PBXGroup;
			children = (
				314EE2022448CE4900D9397C /* AppDelegate.swift */,
				314EE2042448CE4900D9397C /* SceneDelegate.swift */,
				314EE2062448CE4900D9397C /* ViewController.swift */,
				314EE2082448CE4900D9397C /* Main.storyboard */,
				314EE20B2448CE4A00D9397C /* Assets.xcassets */,
				314EE20D2448CE4A00D9397C /* LaunchScreen.storyboard */,
				314EE2102448CE4A00D9397C /* Info.plist */,
				314EE2162448D01400D9397C /* james.jpg */,
				314EE2172448D01400D9397C /* ulrich.jpg */,
			);
			path = GestureRecognizerApp;
			sourceTree = "<group>";
		};
/* End PBXGroup section */

/* Begin PBXNativeTarget section */
		314EE1FE2448CE4900D9397C /* GestureRecognizerApp */ = {
			isa = PBXNativeTarget;
			buildConfigurationList = 314EE2132448CE4A00D9397C /* Build configuration list for PBXNativeTarget "GestureRecognizerApp" */;
			buildPhases = (
				314EE1FB2448CE4900D9397C /* Sources */,
				314EE1FC2448CE4900D9397C /* Frameworks */,
				314EE1FD2448CE4900D9397C /* Resources */,
			);
			buildRules = (
			);
			dependencies = (
			);
			name = GestureRecognizerApp;
			productName = GestureRecognizerApp;
			productReference = 314EE1FF2448CE4900D9397C /* GestureRecognizerApp.app */;
			productType = "com.apple.product-type.application";
		};
/* End PBXNativeTarget section */

/* Begin PBXProject section */
		314EE1F72448CE4900D9397C /* Project object */ = {
			isa = PBXProject;
			attributes = {
				LastSwiftUpdateCheck = 1140;
				LastUpgradeCheck = 1140;
				ORGANIZATIONNAME = "YASIN AKCA";
				TargetAttributes = {
					314EE1FE2448CE4900D9397C = {
						CreatedOnToolsVersion = 11.4.1;
					};
				};
			};
			buildConfigurationList = 314EE1FA2448CE4900D9397C /* Build configuration list for PBXProject "GestureRecognizerApp" */;
			compatibilityVersion = "Xcode 9.3";
			developmentRegion = en;
			hasScannedForEncodings = 0;
			knownRegions = (
				en,
				Base,
			);
			mainGroup = 314EE1F62448CE4900D9397C;
			productRefGroup = 314EE2002448CE4900D9397C /* Products */;
			projectDirPath = "";
			projectRoot = "";
			targets = (
				314EE1FE2448CE4900D9397C /* GestureRecognizerApp */,
			);
		};
/* End PBXProject section */

/* Begin PBXResourcesBuildPhase section */
		314EE1FD2448CE4900D9397C /* Resources */ = {
			isa = PBXResourcesBuildPhase;
			buildActionMask = 2147483647;
			files = (
				314EE2182448D01400D9397C /* james.jpg in Resources */,
				314EE20F2448CE4A00D9397C /* LaunchScreen.storyboard in Resources */,
				314EE20C2448CE4A00D9397C /* Assets.xcassets in Resources */,
				314EE2192448D01400D9397C /* ulrich.jpg in Resources */,
				314EE20A2448CE4900D9397C /* Main.storyboard in Resources */,
			);
			runOnlyForDeploymentPostprocessing = 0;
		};
/* End PBXResourcesBuildPhase section */

/* Begin PBXSourcesBuildPhase section */
		314EE1FB2448CE4900D9397C /* Sources */ = {
			isa = PBXSourcesBuildPhase;
			buildActionMask = 2147483647;
			files = (
				314EE2072448CE4900D9397C /* ViewController.swift in Sources */,
				314EE2032448CE4900D9397C /* AppDelegate.swift in Sources */,
				314EE2052448CE4900D9397C /* SceneDelegate.swift in Sources */,
			);
			runOnlyForDeploymentPostprocessing = 0;
		};
/* End PBXSourcesBuildPhase section */

/* Begin PBXVariantGroup section */
		314EE2082448CE4900D9397C /* Main.storyboard */ = {
			isa = PBXVariantGroup;
			children = (
				314EE2092448CE4900D9397C /* Base */,
			);
			name = Main.storyboard;
			sourceTree = "<group>";
		};
		314EE20D2448CE4A00D9397C /* LaunchScreen.storyboard */ = {
			isa = PBXVariantGroup;
			children = (
				314EE20E2448CE4A00D9397C /* Base */,
			);
			name = LaunchScreen.storyboard;
			sourceTree = "<group>";
		};
/* End PBXVariantGroup section */

/* Begin XCBuildConfiguration section */
		314EE2112448CE4A00D9397C /* Debug */ = {
			isa = XCBuildConfiguration;
			buildSettings = {
				ALWAYS_SEARCH_USER_PATHS = NO;
				CLANG_ANALYZER_NONNULL = YES;
				CLANG_ANALYZER_NUMBER_OBJECT_CONVERSION = YES_AGGRESSIVE;
				CLANG_CXX_LANGUAGE_STANDARD = "gnu++14";
				CLANG_CXX_LIBRARY = "libc++";
				CLANG_ENABLE_MODULES = YES;
				CLANG_ENABLE_OBJC_ARC = YES;
				CLANG_ENABLE_OBJC_WEAK = YES;
				CLANG_WARN_BLOCK_CAPTURE_AUTORELEASING = YES;
				CLANG_WARN_BOOL_CONVERSION = YES;
				CLANG_WARN_COMMA = YES;
				CLANG_WARN_CONSTANT_CONVERSION = YES;
				CLANG_WARN_DEPRECATED_OBJC_IMPLEMENTATIONS = YES;
				CLANG_WARN_DIRECT_OBJC_ISA_USAGE = YES_ERROR;
				CLANG_WARN_DOCUMENTATION_COMMENTS = YES;
				CLANG_WARN_EMPTY_BODY = YES;
				CLANG_WARN_ENUM_CONVERSION = YES;
				CLANG_WARN_INFINITE_RECURSION = YES;
				CLANG_WARN_INT_CONVERSION = YES;
				CLANG_WARN_NON_LITERAL_NULL_CONVERSION = YES;
				CLANG_WARN_OBJC_IMPLICIT_RETAIN_SELF = YES;
				CLANG_WARN_OBJC_LITERAL_CONVERSION = YES;
				CLANG_WARN_OBJC_ROOT_CLASS = YES_ERROR;
				CLANG_WARN_RANGE_LOOP_ANALYSIS = YES;
				CLANG_WARN_STRICT_PROTOTYPES = YES;
				CLANG_WARN_SUSPICIOUS_MOVE = YES;
				CLANG_WARN_UNGUARDED_AVAILABILITY = YES_AGGRESSIVE;
				CLANG_WARN_UNREACHABLE_CODE = YES;
				CLANG_WARN__DUPLICATE_METHOD_MATCH = YES;
				COPY_PHASE_STRIP = NO;
				DEBUG_INFORMATION_FORMAT = dwarf;
				ENABLE_STRICT_OBJC_MSGSEND = YES;
				ENABLE_TESTABILITY = YES;
				GCC_C_LANGUAGE_STANDARD = gnu11;
				GCC_DYNAMIC_NO_PIC = NO;
				GCC_NO_COMMON_BLOCKS = YES;
				GCC_OPTIMIZATION_LEVEL = 0;
				GCC_PREPROCESSOR_DEFINITIONS = (
					"DEBUG=1",
					"$(inherited)",
				);
				GCC_WARN_64_TO_32_BIT_CONVERSION = YES;
				GCC_WARN_ABOUT_RETURN_TYPE = YES_ERROR;
				GCC_WARN_UNDECLARED_SELECTOR = YES;
				GCC_WARN_UNINITIALIZED_AUTOS = YES_AGGRESSIVE;
				GCC_WARN_UNUSED_FUNCTION = YES;
				GCC_WARN_UNUSED_VARIABLE = YES;
				IPHONEOS_DEPLOYMENT_TARGET = 13.4;
				MTL_ENABLE_DEBUG_INFO = INCLUDE_SOURCE;
				MTL_FAST_MATH = YES;
				ONLY_ACTIVE_ARCH = YES;
				SDKROOT = iphoneos;
				SWIFT_ACTIVE_COMPILATION_CONDITIONS = DEBUG;
				SWIFT_OPTIMIZATION_LEVEL = "-Onone";
			};
			name = Debug;
		};
		314EE2122448CE4A00D9397C /* Release */ = {
			isa = XCBuildConfiguration;
			buildSettings = {
				ALWAYS_SEARCH_USER_PATHS = NO;
				CLANG_ANALYZER_NONNULL = YES;
				CLANG_ANALYZER_NUMBER_OBJECT_CONVERSION = YES_AGGRESSIVE;
				CLANG_CXX_LANGUAGE_STANDARD = "gnu++14";
				CLANG_CXX_LIBRARY = "libc++";
				CLANG_ENABLE_MODULES = YES;
				CLANG_ENABLE_OBJC_ARC = YES;
				CLANG_ENABLE_OBJC_WEAK = YES;
				CLANG_WARN_BLOCK_CAPTURE_AUTORELEASING = YES;
				CLANG_WARN_BOOL_CONVERSION = YES;
				CLANG_WARN_COMMA = YES;
				CLANG_WARN_CONSTANT_CONVERSION = YES;
				CLANG_WARN_DEPRECATED_OBJC_IMPLEMENTATIONS = YES;
				CLANG_WARN_DIRECT_OBJC_ISA_USAGE = YES_ERROR;
				CLANG_WARN_DOCUMENTATION_COMMENTS = YES;
				CLANG_WARN_EMPTY_BODY = YES;
				CLANG_WARN_ENUM_CONVERSION = YES;
				CLANG_WARN_INFINITE_RECURSION = YES;
				CLANG_WARN_INT_CONVERSION = YES;
				CLANG_WARN_NON_LITERAL_NULL_CONVERSION = YES;
				CLANG_WARN_OBJC_IMPLICIT_RETAIN_SELF = YES;
				CLANG_WARN_OBJC_LITERAL_CONVERSION = YES;
				CLANG_WARN_OBJC_ROOT_CLASS = YES_ERROR;
				CLANG_WARN_RANGE_LOOP_ANALYSIS = YES;
				CLANG_WARN_STRICT_PROTOTYPES = YES;
				CLANG_WARN_SUSPICIOUS_MOVE = YES;
				CLANG_WARN_UNGUARDED_AVAILABILITY = YES_AGGRESSIVE;
				CLANG_WARN_UNREACHABLE_CODE = YES;
				CLANG_WARN__DUPLICATE_METHOD_MATCH = YES;
				COPY_PHASE_STRIP = NO;
				DEBUG_INFORMATION_FORMAT = "dwarf-with-dsym";
				ENABLE_NS_ASSERTIONS = NO;
				ENABLE_STRICT_OBJC_MSGSEND = YES;
				GCC_C_LANGUAGE_STANDARD = gnu11;
				GCC_NO_COMMON_BLOCKS = YES;
				GCC_WARN_64_TO_32_BIT_CONVERSION = YES;
				GCC_WARN_ABOUT_RETURN_TYPE = YES_ERROR;
				GCC_WARN_UNDECLARED_SELECTOR = YES;
				GCC_WARN_UNINITIALIZED_AUTOS = YES_AGGRESSIVE;
				GCC_WARN_UNUSED_FUNCTION = YES;
				GCC_WARN_UNUSED_VARIABLE = YES;
				IPHONEOS_DEPLOYMENT_TARGET = 13.4;
				MTL_ENABLE_DEBUG_INFO = NO;
				MTL_FAST_MATH = YES;
				SDKROOT = iphoneos;
				SWIFT_COMPILATION_MODE = wholemodule;
				SWIFT_OPTIMIZATION_LEVEL = "-O";
				VALIDATE_PRODUCT = YES;
			};
			name = Release;
		};
		314EE2142448CE4A00D9397C /* Debug */ = {
			isa = XCBuildConfiguration;
			buildSettings = {
				ASSETCATALOG_COMPILER_APPICON_NAME = AppIcon;
				CODE_SIGN_STYLE = Automatic;
				DEVELOPMENT_TEAM = Z8LKPFG943;
				INFOPLIST_FILE = GestureRecognizerApp/Info.plist;
				LD_RUNPATH_SEARCH_PATHS = (
					"$(inherited)",
					"@executable_path/Frameworks",
				);
				PRODUCT_BUNDLE_IDENTIFIER = com.yasinakca.GestureRecognizerApp;
				PRODUCT_NAME = "$(TARGET_NAME)";
				SWIFT_VERSION = 5.0;
				TARGETED_DEVICE_FAMILY = "1,2";
			};
			name = Debug;
		};
		314EE2152448CE4A00D9397C /* Release */ = {
			isa = XCBuildConfiguration;
			buildSettings = {
				ASSETCATALOG_COMPILER_APPICON_NAME = AppIcon;
				CODE_SIGN_STYLE = Automatic;
				DEVELOPMENT_TEAM = Z8LKPFG943;
				INFOPLIST_FILE = GestureRecognizerApp/Info.plist;
				LD_RUNPATH_SEARCH_PATHS = (
					"$(inherited)",
					"@executable_path/Frameworks",
				);
				PRODUCT_BUNDLE_IDENTIFIER = com.yasinakca.GestureRecognizerApp;
				PRODUCT_NAME = "$(TARGET_NAME)";
				SWIFT_VERSION = 5.0;
				TARGETED_DEVICE_FAMILY = "1,2";
			};
			name = Release;
		};
/* End XCBuildConfiguration section */

/* Begin XCConfigurationList section */
		314EE1FA2448CE4900D9397C /* Build configuration list for PBXProject "GestureRecognizerApp" */ = {
			isa = XCConfigurationList;
			buildConfigurations = (
				314EE2112448CE4A00D9397C /* Debug */,
				314EE2122448CE4A00D9397C /* Release */,
			);
			defaultConfigurationIsVisible = 0;
			defaultConfigurationName = Release;
		};
		314EE2132448CE4A00D9397C /* Build configuration list for PBXNativeTarget "GestureRecognizerApp" */ = {
			isa = XCConfigurationList;
			buildConfigurations = (
				314EE2142448CE4A00D9397C /* Debug */,
				314EE2152448CE4A00D9397C /* Release */,
			);
			defaultConfigurationIsVisible = 0;
			defaultConfigurationName = Release;
		};
/* End XCConfigurationList section */
	};
	rootObject = 314EE1F72448CE4900D9397C /* Project object */;
}
